// !$*UTF8*$!
{
	archiveVersion = 1;
	classes = {
	};
	objectVersion = 46;
	objects = {

/* Begin PBXBuildFile section */
		F6EA6B7E15C43695006DE88C /* ConsoleLogger.m in Sources */ = {isa = PBXBuildFile; fileRef = F6EA6B7D15C43695006DE88C /* ConsoleLogger.m */; };
		F6EA6B8115C48A02006DE88C /* ImportingClass.m in Sources */ = {isa = PBXBuildFile; fileRef = F6EA6B8015C48A02006DE88C /* ImportingClass.m */; };
		F6EA6B8515C494F9006DE88C /* PropertyUtils.m in Sources */ = {isa = PBXBuildFile; fileRef = F6EA6B8415C494F9006DE88C /* PropertyUtils.m */; };
		F6EA6B8715C49647006DE88C /* libobjc.A.dylib in Frameworks */ = {isa = PBXBuildFile; fileRef = F6EA6B8615C49647006DE88C /* libobjc.A.dylib */; };
		FAB3072B15C32D070028504F /* CoreFoundation.framework in Frameworks */ = {isa = PBXBuildFile; fileRef = FAB3072A15C32D070028504F /* CoreFoundation.framework */; };
		FAB3072E15C32D070028504F /* main.m in Sources */ = {isa = PBXBuildFile; fileRef = FAB3072D15C32D070028504F /* main.m */; };
		FAB3073815C32D240028504F /* DynamicProxy.m in Sources */ = {isa = PBXBuildFile; fileRef = FAB3073715C32D240028504F /* DynamicProxy.m */; };
		FAB3073A15C32D830028504F /* Cocoa.framework in Frameworks */ = {isa = PBXBuildFile; fileRef = FAB3073915C32D830028504F /* Cocoa.framework */; };
		FAB3074115C3380A0028504F /* LoggingInterceptor.m in Sources */ = {isa = PBXBuildFile; fileRef = FAB3074015C3380A0028504F /* LoggingInterceptor.m */; };
		FAB3074815C33E960028504F /* Container.m in Sources */ = {isa = PBXBuildFile; fileRef = FAB3074715C33E960028504F /* Container.m */; };
		FAB3074B15C341D00028504F /* Bootstrapper.m in Sources */ = {isa = PBXBuildFile; fileRef = FAB3074A15C341D00028504F /* Bootstrapper.m */; };
		FAB3074F15C3449A0028504F /* SimpleClass.m in Sources */ = {isa = PBXBuildFile; fileRef = FAB3074E15C3449A0028504F /* SimpleClass.m */; };
		FAB3075415C354810028504F /* CountingAspect.m in Sources */ = {isa = PBXBuildFile; fileRef = FAB3075315C354810028504F /* CountingAspect.m */; };
/* End PBXBuildFile section */

/* Begin PBXCopyFilesBuildPhase section */
		FAB3072415C32D070028504F /* CopyFiles */ = {
			isa = PBXCopyFilesBuildPhase;
			buildActionMask = 2147483647;
			dstPath = /usr/share/man/man1/;
			dstSubfolderSpec = 0;
			files = (
			);
			runOnlyForDeploymentPostprocessing = 1;
		};
/* End PBXCopyFilesBuildPhase section */

/* Begin PBXFileReference section */
		F6EA6B7915C4364E006DE88C /* ILogger.h */ = {isa = PBXFileReference; lastKnownFileType = sourcecode.c.h; path = ILogger.h; sourceTree = "<group>"; };
		F6EA6B7C15C43695006DE88C /* ConsoleLogger.h */ = {isa = PBXFileReference; fileEncoding = 4; lastKnownFileType = sourcecode.c.h; path = ConsoleLogger.h; sourceTree = "<group>"; };
		F6EA6B7D15C43695006DE88C /* ConsoleLogger.m */ = {isa = PBXFileReference; fileEncoding = 4; lastKnownFileType = sourcecode.c.objc; path = ConsoleLogger.m; sourceTree = "<group>"; };
		F6EA6B7F15C48A02006DE88C /* ImportingClass.h */ = {isa = PBXFileReference; fileEncoding = 4; lastKnownFileType = sourcecode.c.h; path = ImportingClass.h; sourceTree = "<group>"; };
		F6EA6B8015C48A02006DE88C /* ImportingClass.m */ = {isa = PBXFileReference; fileEncoding = 4; lastKnownFileType = sourcecode.c.objc; path = ImportingClass.m; sourceTree = "<group>"; };
		F6EA6B8315C494F9006DE88C /* PropertyUtils.h */ = {isa = PBXFileReference; fileEncoding = 4; lastKnownFileType = sourcecode.c.h; path = PropertyUtils.h; sourceTree = "<group>"; };
		F6EA6B8415C494F9006DE88C /* PropertyUtils.m */ = {isa = PBXFileReference; fileEncoding = 4; lastKnownFileType = sourcecode.c.objc; path = PropertyUtils.m; sourceTree = "<group>"; };
		F6EA6B8615C49647006DE88C /* libobjc.A.dylib */ = {isa = PBXFileReference; lastKnownFileType = "compiled.mach-o.dylib"; name = libobjc.A.dylib; path = usr/lib/libobjc.A.dylib; sourceTree = SDKROOT; };
		FAB3072615C32D070028504F /* TestDynamicProxy */ = {isa = PBXFileReference; explicitFileType = "compiled.mach-o.executable"; includeInIndex = 0; path = TestDynamicProxy; sourceTree = BUILT_PRODUCTS_DIR; };
		FAB3072A15C32D070028504F /* CoreFoundation.framework */ = {isa = PBXFileReference; lastKnownFileType = wrapper.framework; name = CoreFoundation.framework; path = System/Library/Frameworks/CoreFoundation.framework; sourceTree = SDKROOT; };
		FAB3072D15C32D070028504F /* main.m */ = {isa = PBXFileReference; lastKnownFileType = sourcecode.c.objc; path = main.m; sourceTree = "<group>"; };
		FAB3073615C32D240028504F /* DynamicProxy.h */ = {isa = PBXFileReference; fileEncoding = 4; lastKnownFileType = sourcecode.c.h; path = DynamicProxy.h; sourceTree = "<group>"; };
		FAB3073715C32D240028504F /* DynamicProxy.m */ = {isa = PBXFileReference; fileEncoding = 4; lastKnownFileType = sourcecode.c.objc; path = DynamicProxy.m; sourceTree = "<group>"; };
		FAB3073915C32D830028504F /* Cocoa.framework */ = {isa = PBXFileReference; lastKnownFileType = wrapper.framework; name = Cocoa.framework; path = System/Library/Frameworks/Cocoa.framework; sourceTree = SDKROOT; };
		FAB3073E15C336210028504F /* IInterceptor.h */ = {isa = PBXFileReference; lastKnownFileType = sourcecode.c.h; path = IInterceptor.h; sourceTree = "<group>"; };
		FAB3073F15C3380A0028504F /* LoggingInterceptor.h */ = {isa = PBXFileReference; fileEncoding = 4; lastKnownFileType = sourcecode.c.h; path = LoggingInterceptor.h; sourceTree = "<group>"; };
		FAB3074015C3380A0028504F /* LoggingInterceptor.m */ = {isa = PBXFileReference; fileEncoding = 4; lastKnownFileType = sourcecode.c.objc; path = LoggingInterceptor.m; sourceTree = "<group>"; };
		FAB3074315C33C510028504F /* SupportsLogging.h */ = {isa = PBXFileReference; lastKnownFileType = sourcecode.c.h; path = SupportsLogging.h; sourceTree = "<group>"; };
		FAB3074615C33E960028504F /* Container.h */ = {isa = PBXFileReference; fileEncoding = 4; lastKnownFileType = sourcecode.c.h; path = Container.h; sourceTree = "<group>"; };
		FAB3074715C33E960028504F /* Container.m */ = {isa = PBXFileReference; fileEncoding = 4; lastKnownFileType = sourcecode.c.objc; path = Container.m; sourceTree = "<group>"; };
		FAB3074915C341D00028504F /* Bootstrapper.h */ = {isa = PBXFileReference; fileEncoding = 4; lastKnownFileType = sourcecode.c.h; path = Bootstrapper.h; sourceTree = "<group>"; };
		FAB3074A15C341D00028504F /* Bootstrapper.m */ = {isa = PBXFileReference; fileEncoding = 4; lastKnownFileType = sourcecode.c.objc; path = Bootstrapper.m; sourceTree = "<group>"; };
		FAB3074D15C3449A0028504F /* SimpleClass.h */ = {isa = PBXFileReference; fileEncoding = 4; lastKnownFileType = sourcecode.c.h; path = SimpleClass.h; sourceTree = "<group>"; };
		FAB3074E15C3449A0028504F /* SimpleClass.m */ = {isa = PBXFileReference; fileEncoding = 4; lastKnownFileType = sourcecode.c.objc; path = SimpleClass.m; sourceTree = "<group>"; };
		FAB3075215C354810028504F /* CountingAspect.h */ = {isa = PBXFileReference; fileEncoding = 4; lastKnownFileType = sourcecode.c.h; path = CountingAspect.h; sourceTree = "<group>"; };
		FAB3075315C354810028504F /* CountingAspect.m */ = {isa = PBXFileReference; fileEncoding = 4; lastKnownFileType = sourcecode.c.objc; path = CountingAspect.m; sourceTree = "<group>"; };
		FAB3075515C354950028504F /* SupportsCounting.h */ = {isa = PBXFileReference; lastKnownFileType = sourcecode.c.h; path = SupportsCounting.h; sourceTree = "<group>"; };
/* End PBXFileReference section */

/* Begin PBXFrameworksBuildPhase section */
		FAB3072315C32D070028504F /* Frameworks */ = {
			isa = PBXFrameworksBuildPhase;
			buildActionMask = 2147483647;
			files = (
				F6EA6B8715C49647006DE88C /* libobjc.A.dylib in Frameworks */,
				FAB3073A15C32D830028504F /* Cocoa.framework in Frameworks */,
				FAB3072B15C32D070028504F /* CoreFoundation.framework in Frameworks */,
			);
			runOnlyForDeploymentPostprocessing = 0;
		};
/* End PBXFrameworksBuildPhase section */

/* Begin PBXGroup section */
		F6EA6B8215C494E0006DE88C /* Utilities */ = {
			isa = PBXGroup;
			children = (
				F6EA6B8315C494F9006DE88C /* PropertyUtils.h */,
				F6EA6B8415C494F9006DE88C /* PropertyUtils.m */,
			);
			name = Utilities;
			sourceTree = "<group>";
		};
		FAB3071B15C32D070028504F = {
			isa = PBXGroup;
			children = (
				F6EA6B8615C49647006DE88C /* libobjc.A.dylib */,
				FAB3073915C32D830028504F /* Cocoa.framework */,
				FAB3072C15C32D070028504F /* TestDynamicProxy */,
				FAB3072915C32D070028504F /* Frameworks */,
				FAB3072715C32D070028504F /* Products */,
			);
			sourceTree = "<group>";
		};
		FAB3072715C32D070028504F /* Products */ = {
			isa = PBXGroup;
			children = (
				FAB3072615C32D070028504F /* TestDynamicProxy */,
			);
			name = Products;
			sourceTree = "<group>";
		};
		FAB3072915C32D070028504F /* Frameworks */ = {
			isa = PBXGroup;
			children = (
				FAB3072A15C32D070028504F /* CoreFoundation.framework */,
			);
			name = Frameworks;
			sourceTree = "<group>";
		};
		FAB3072C15C32D070028504F /* TestDynamicProxy */ = {
			isa = PBXGroup;
			children = (
				F6EA6B8215C494E0006DE88C /* Utilities */,
				FAB3075115C354680028504F /* CountingAspect */,
				FAB3075015C345A10028504F /* Container */,
				FAB3074C15C3447A0028504F /* TestClasses */,
				FAB3074515C33C9F0028504F /* Interceptor */,
				FAB3074415C33C7F0028504F /* DynamicProxy */,
				FAB3074215C33C280028504F /* LoggingAspect */,
				FAB3072D15C32D070028504F /* main.m */,
				FAB3074915C341D00028504F /* Bootstrapper.h */,
				FAB3074A15C341D00028504F /* Bootstrapper.m */,
			);
			path = TestDynamicProxy;
			sourceTree = "<group>";
		};
		FAB3074215C33C280028504F /* LoggingAspect */ = {
			isa = PBXGroup;
			children = (
				FAB3073F15C3380A0028504F /* LoggingInterceptor.h */,
				FAB3074015C3380A0028504F /* LoggingInterceptor.m */,
				FAB3074315C33C510028504F /* SupportsLogging.h */,
			);
			name = LoggingAspect;
			sourceTree = "<group>";
		};
		FAB3074415C33C7F0028504F /* DynamicProxy */ = {
			isa = PBXGroup;
			children = (
				FAB3073615C32D240028504F /* DynamicProxy.h */,
				FAB3073715C32D240028504F /* DynamicProxy.m */,
			);
			name = DynamicProxy;
			sourceTree = "<group>";
		};
		FAB3074515C33C9F0028504F /* Interceptor */ = {
			isa = PBXGroup;
			children = (
				FAB3073E15C336210028504F /* IInterceptor.h */,
			);
			name = Interceptor;
			sourceTree = "<group>";
		};
		FAB3074C15C3447A0028504F /* TestClasses */ = {
			isa = PBXGroup;
			children = (
				FAB3074D15C3449A0028504F /* SimpleClass.h */,
				FAB3074E15C3449A0028504F /* SimpleClass.m */,
				F6EA6B7915C4364E006DE88C /* ILogger.h */,
				F6EA6B7C15C43695006DE88C /* ConsoleLogger.h */,
				F6EA6B7D15C43695006DE88C /* ConsoleLogger.m */,
				F6EA6B7F15C48A02006DE88C /* ImportingClass.h */,
				F6EA6B8015C48A02006DE88C /* ImportingClass.m */,
			);
			name = TestClasses;
			sourceTree = "<group>";
		};
		FAB3075015C345A10028504F /* Container */ = {
			isa = PBXGroup;
			children = (
				FAB3074615C33E960028504F /* Container.h */,
				FAB3074715C33E960028504F /* Container.m */,
			);
			name = Container;
			sourceTree = "<group>";
		};
		FAB3075115C354680028504F /* CountingAspect */ = {
			isa = PBXGroup;
			children = (
				FAB3075215C354810028504F /* CountingAspect.h */,
				FAB3075315C354810028504F /* CountingAspect.m */,
				FAB3075515C354950028504F /* SupportsCounting.h */,
			);
			name = CountingAspect;
			sourceTree = "<group>";
		};
/* End PBXGroup section */

/* Begin PBXNativeTarget section */
		FAB3072515C32D070028504F /* TestDynamicProxy */ = {
			isa = PBXNativeTarget;
			buildConfigurationList = FAB3073315C32D070028504F /* Build configuration list for PBXNativeTarget "TestDynamicProxy" */;
			buildPhases = (
				FAB3072215C32D070028504F /* Sources */,
				FAB3072315C32D070028504F /* Frameworks */,
				FAB3072415C32D070028504F /* CopyFiles */,
			);
			buildRules = (
			);
			dependencies = (
			);
			name = TestDynamicProxy;
			productName = TestDynamicProxy;
			productReference = FAB3072615C32D070028504F /* TestDynamicProxy */;
			productType = "com.apple.product-type.tool";
		};
/* End PBXNativeTarget section */

/* Begin PBXProject section */
		FAB3071D15C32D070028504F /* Project object */ = {
			isa = PBXProject;
			attributes = {
				LastUpgradeCheck = 0430;
			};
			buildConfigurationList = FAB3072015C32D070028504F /* Build configuration list for PBXProject "TestDynamicProxy" */;
			compatibilityVersion = "Xcode 3.2";
			developmentRegion = English;
			hasScannedForEncodings = 0;
			knownRegions = (
				en,
			);
			mainGroup = FAB3071B15C32D070028504F;
			productRefGroup = FAB3072715C32D070028504F /* Products */;
			projectDirPath = "";
			projectRoot = "";
			targets = (
				FAB3072515C32D070028504F /* TestDynamicProxy */,
			);
		};
/* End PBXProject section */

/* Begin PBXSourcesBuildPhase section */
		FAB3072215C32D070028504F /* Sources */ = {
			isa = PBXSourcesBuildPhase;
			buildActionMask = 2147483647;
			files = (
				FAB3072E15C32D070028504F /* main.m in Sources */,
				FAB3073815C32D240028504F /* DynamicProxy.m in Sources */,
				FAB3074115C3380A0028504F /* LoggingInterceptor.m in Sources */,
				FAB3074815C33E960028504F /* Container.m in Sources */,
				FAB3074B15C341D00028504F /* Bootstrapper.m in Sources */,
				FAB3074F15C3449A0028504F /* SimpleClass.m in Sources */,
				FAB3075415C354810028504F /* CountingAspect.m in Sources */,
				F6EA6B7E15C43695006DE88C /* ConsoleLogger.m in Sources */,
				F6EA6B8115C48A02006DE88C /* ImportingClass.m in Sources */,
				F6EA6B8515C494F9006DE88C /* PropertyUtils.m in Sources */,
			);
			runOnlyForDeploymentPostprocessing = 0;
		};
/* End PBXSourcesBuildPhase section */

/* Begin XCBuildConfiguration section */
		FAB3073115C32D070028504F /* Debug */ = {
			isa = XCBuildConfiguration;
			buildSettings = {
				ALWAYS_SEARCH_USER_PATHS = NO;
				ARCHS = "$(ARCHS_STANDARD_64_BIT)";
				COPY_PHASE_STRIP = NO;
				GCC_C_LANGUAGE_STANDARD = gnu99;
				GCC_DYNAMIC_NO_PIC = NO;
				GCC_ENABLE_OBJC_EXCEPTIONS = YES;
				GCC_OPTIMIZATION_LEVEL = 0;
				GCC_PREPROCESSOR_DEFINITIONS = (
					"DEBUG=1",
					"$(inherited)",
				);
				GCC_SYMBOLS_PRIVATE_EXTERN = NO;
				GCC_VERSION = com.apple.compilers.llvm.clang.1_0;
				GCC_WARN_64_TO_32_BIT_CONVERSION = YES;
				GCC_WARN_ABOUT_RETURN_TYPE = YES;
				GCC_WARN_UNINITIALIZED_AUTOS = YES;
				GCC_WARN_UNUSED_VARIABLE = YES;
				MACOSX_DEPLOYMENT_TARGET = 10.7;
				ONLY_ACTIVE_ARCH = YES;
				SDKROOT = macosx;
			};
			name = Debug;
		};
		FAB3073215C32D070028504F /* Release */ = {
			isa = XCBuildConfiguration;
			buildSettings = {
				ALWAYS_SEARCH_USER_PATHS = NO;
				ARCHS = "$(ARCHS_STANDARD_64_BIT)";
				COPY_PHASE_STRIP = YES;
				DEBUG_INFORMATION_FORMAT = "dwarf-with-dsym";
				GCC_C_LANGUAGE_STANDARD = gnu99;
				GCC_ENABLE_OBJC_EXCEPTIONS = YES;
				GCC_VERSION = com.apple.compilers.llvm.clang.1_0;
				GCC_WARN_64_TO_32_BIT_CONVERSION = YES;
				GCC_WARN_ABOUT_RETURN_TYPE = YES;
				GCC_WARN_UNINITIALIZED_AUTOS = YES;
				GCC_WARN_UNUSED_VARIABLE = YES;
				MACOSX_DEPLOYMENT_TARGET = 10.7;
				SDKROOT = macosx;
			};
			name = Release;
		};
		FAB3073415C32D070028504F /* Debug */ = {
			isa = XCBuildConfiguration;
			buildSettings = {
				CLANG_WARN_OBJCPP_ARC_ABI = NO;
				PRODUCT_NAME = "$(TARGET_NAME)";
			};
			name = Debug;
		};
		FAB3073515C32D070028504F /* Release */ = {
			isa = XCBuildConfiguration;
			buildSettings = {
				CLANG_WARN_OBJCPP_ARC_ABI = NO;
				PRODUCT_NAME = "$(TARGET_NAME)";
			};
			name = Release;
		};
/* End XCBuildConfiguration section */

/* Begin XCConfigurationList section */
		FAB3072015C32D070028504F /* Build configuration list for PBXProject "TestDynamicProxy" */ = {
			isa = XCConfigurationList;
			buildConfigurations = (
				FAB3073115C32D070028504F /* Debug */,
				FAB3073215C32D070028504F /* Release */,
			);
			defaultConfigurationIsVisible = 0;
			defaultConfigurationName = Release;
		};
		FAB3073315C32D070028504F /* Build configuration list for PBXNativeTarget "TestDynamicProxy" */ = {
			isa = XCConfigurationList;
			buildConfigurations = (
				FAB3073415C32D070028504F /* Debug */,
				FAB3073515C32D070028504F /* Release */,
			);
			defaultConfigurationIsVisible = 0;
			defaultConfigurationName = Release;
		};
/* End XCConfigurationList section */
	};
	rootObject = FAB3071D15C32D070028504F /* Project object */;
}
